
Microsoft Visual Studio Solution File, Format Version 12.00
# Visual Studio Version 17
VisualStudioVersion = 17.13.35828.75
MinimumVisualStudioVersion = 10.0.40219.1
Project("{FAE04EC0-301F-11D3-BF4B-00C04F79EFBC}") = "CardCraze", "CardCraze\CardCraze.csproj", "{9C9E92AE-F343-46C3-B3BB-EC5303BE8E9E}"
EndProject
Project("{FAE04EC0-301F-11D3-BF4B-00C04F79EFBC}") = "CardCrazeAPI", "CardCrazeAPI\CardCrazeAPI.csproj", "{3FEE93F5-2CAD-4DA9-8DD3-068587213503}"
EndProject
Project("{FAE04EC0-301F-11D3-BF4B-00C04F79EFBC}") = "CardCraze.Tests", "CardCraze.Tests\CardCraze.Tests.csproj", "{3ADEE1BC-15C7-4A8B-A2F5-ECBD9F27E2BC}"
EndProject
Global
	GlobalSection(SolutionConfigurationPlatforms) = preSolution
		Debug|Any CPU = Debug|Any CPU
		Release|Any CPU = Release|Any CPU
	EndGlobalSection
	GlobalSection(ProjectConfigurationPlatforms) = postSolution
		{9C9E92AE-F343-46C3-B3BB-EC5303BE8E9E}.Debug|Any CPU.ActiveCfg = Debug|Any CPU
		{9C9E92AE-F343-46C3-B3BB-EC5303BE8E9E}.Debug|Any CPU.Build.0 = Debug|Any CPU
		{9C9E92AE-F343-46C3-B3BB-EC5303BE8E9E}.Release|Any CPU.ActiveCfg = Release|Any CPU
		{9C9E92AE-F343-46C3-B3BB-EC5303BE8E9E}.Release|Any CPU.Build.0 = Release|Any CPU
		{3FEE93F5-2CAD-4DA9-8DD3-068587213503}.Debug|Any CPU.ActiveCfg = Debug|Any CPU
		{3FEE93F5-2CAD-4DA9-8DD3-068587213503}.Debug|Any CPU.Build.0 = Debug|Any CPU
		{3FEE93F5-2CAD-4DA9-8DD3-068587213503}.Release|Any CPU.ActiveCfg = Release|Any CPU
		{3FEE93F5-2CAD-4DA9-8DD3-068587213503}.Release|Any CPU.Build.0 = Release|Any CPU
		{3ADEE1BC-15C7-4A8B-A2F5-ECBD9F27E2BC}.Debug|Any CPU.ActiveCfg = Debug|Any CPU
		{3ADEE1BC-15C7-4A8B-A2F5-ECBD9F27E2BC}.Debug|Any CPU.Build.0 = Debug|Any CPU
		{3ADEE1BC-15C7-4A8B-A2F5-ECBD9F27E2BC}.Release|Any CPU.ActiveCfg = Release|Any CPU
		{3ADEE1BC-15C7-4A8B-A2F5-ECBD9F27E2BC}.Release|Any CPU.Build.0 = Release|Any CPU
	EndGlobalSection
	GlobalSection(SolutionProperties) = preSolution
		HideSolutionNode = FALSE
	EndGlobalSection
	GlobalSection(ExtensibilityGlobals) = postSolution
		SolutionGuid = {2C707F00-E774-4099-9F44-22A09A120E71}
	EndGlobalSection
EndGlobal
